
Microsoft Visual Studio Solution File, Format Version 12.00
# Visual Studio Version 17
VisualStudioVersion = 17.3.32825.248
MinimumVisualStudioVersion = 10.0.40219.1
Project("{FAE04EC0-301F-11D3-BF4B-00C04F79EFBC}") = "ChainHash", "ChainHash\ChainHash.csproj", "{F07C1ECB-0FDC-46E4-BA77-5D4767B028AE}"
EndProject
Global
	GlobalSection(SolutionConfigurationPlatforms) = preSolution
		Debug|Any CPU = Debug|Any CPU
		Release|Any CPU = Release|Any CPU
	EndGlobalSection
	GlobalSection(ProjectConfigurationPlatforms) = postSolution
		{F07C1ECB-0FDC-46E4-BA77-5D4767B028AE}.Debug|Any CPU.ActiveCfg = Debug|Any CPU
		{F07C1ECB-0FDC-46E4-BA77-5D4767B028AE}.Debug|Any CPU.Build.0 = Debug|Any CPU
		{F07C1ECB-0FDC-46E4-BA77-5D4767B028AE}.Release|Any CPU.ActiveCfg = Release|Any CPU
		{F07C1ECB-0FDC-46E4-BA77-5D4767B028AE}.Release|Any CPU.Build.0 = Release|Any CPU
	EndGlobalSection
	GlobalSection(SolutionProperties) = preSolution
		HideSolutionNode = FALSE
	EndGlobalSection
	GlobalSection(ExtensibilityGlobals) = postSolution
		SolutionGuid = {ED40DC51-7F7C-45E6-8554-8ACD688FE4F8}
	EndGlobalSection
EndGlobal
