
Microsoft Visual Studio Solution File, Format Version 12.00
# Visual Studio Version 17
VisualStudioVersion = 17.3.32825.248
MinimumVisualStudioVersion = 10.0.40219.1
Project("{FAE04EC0-301F-11D3-BF4B-00C04F79EFBC}") = "Buffer", "Buffer\Buffer.csproj", "{D3BAC836-559D-4D92-AEF6-A0B09780CC5A}"
EndProject
Global
	GlobalSection(SolutionConfigurationPlatforms) = preSolution
		Debug|Any CPU = Debug|Any CPU
		Release|Any CPU = Release|Any CPU
	EndGlobalSection
	GlobalSection(ProjectConfigurationPlatforms) = postSolution
		{D3BAC836-559D-4D92-AEF6-A0B09780CC5A}.Debug|Any CPU.ActiveCfg = Debug|Any CPU
		{D3BAC836-559D-4D92-AEF6-A0B09780CC5A}.Debug|Any CPU.Build.0 = Debug|Any CPU
		{D3BAC836-559D-4D92-AEF6-A0B09780CC5A}.Release|Any CPU.ActiveCfg = Release|Any CPU
		{D3BAC836-559D-4D92-AEF6-A0B09780CC5A}.Release|Any CPU.Build.0 = Release|Any CPU
	EndGlobalSection
	GlobalSection(SolutionProperties) = preSolution
		HideSolutionNode = FALSE
	EndGlobalSection
	GlobalSection(ExtensibilityGlobals) = postSolution
		SolutionGuid = {EB71B1AC-80FA-4C2D-A1A6-135F3AFACEE2}
	EndGlobalSection
EndGlobal
